
Microsoft Visual Studio Solution File, Format Version 12.00
# Visual Studio Version 16
VisualStudioVersion = 16.0.31129.286
MinimumVisualStudioVersion = 10.0.40219.1
Project("{FAE04EC0-301F-11D3-BF4B-00C04F79EFBC}") = "XFile", "XFile\XFile.csproj", "{50F8EFB3-B797-4C6B-884F-4E347D1C27DE}"
EndProject
Global
	GlobalSection(SolutionConfigurationPlatforms) = preSolution
		Debug|Any CPU = Debug|Any CPU
		Release|Any CPU = Release|Any CPU
	EndGlobalSection
	GlobalSection(ProjectConfigurationPlatforms) = postSolution
		{50F8EFB3-B797-4C6B-884F-4E347D1C27DE}.Debug|Any CPU.ActiveCfg = Debug|Any CPU
		{50F8EFB3-B797-4C6B-884F-4E347D1C27DE}.Debug|Any CPU.Build.0 = Debug|Any CPU
		{50F8EFB3-B797-4C6B-884F-4E347D1C27DE}.Release|Any CPU.ActiveCfg = Release|Any CPU
		{50F8EFB3-B797-4C6B-884F-4E347D1C27DE}.Release|Any CPU.Build.0 = Release|Any CPU
	EndGlobalSection
	GlobalSection(SolutionProperties) = preSolution
		HideSolutionNode = FALSE
	EndGlobalSection
	GlobalSection(ExtensibilityGlobals) = postSolution
		SolutionGuid = {EB61CD6A-9F0D-469D-B868-BF342C0B2087}
	EndGlobalSection
EndGlobal
